{
  "originHash" : "4edf1513b6f49b674154aca8709b0548a9a7c0849c7f7574ddd8c75f917ad53e",
  "pins" : [
    {
      "identity" : "swift-hash",
      "kind" : "remoteSourceControl",
      "location" : "https://github.com/tayloraswift/swift-hash",
      "state" : {
        "revision" : "ea0b9fc3152ed5941dd82e4a01e65f99fe1a75d2",
        "version" : "0.7.1"
      }
    },
    {
      "identity" : "swift-png",
      "kind" : "remoteSourceControl",
      "location" : "https://github.com/tayloraswift/swift-png",
      "state" : {
        "revision" : "f985834be36f6e49ca9ed5a52c29b4d20fca9e70",
        "version" : "4.4.8"
      }
    }
  ],
  "version" : 3
}
